
Microsoft Visual Studio Solution File, Format Version 12.00
# Visual Studio Version 17
VisualStudioVersion = 17.6.33815.320
MinimumVisualStudioVersion = 10.0.40219.1
Project("{888888A0-9F3D-457C-B088-3A5042F75D52}") = "TF-Complejidad", "TF-Complejidad.pyproj", "{F809FAE9-C488-4005-B74B-84E1BB2ED098}"
EndProject
Global
	GlobalSection(SolutionConfigurationPlatforms) = preSolution
		Debug|Any CPU = Debug|Any CPU
		Release|Any CPU = Release|Any CPU
	EndGlobalSection
	GlobalSection(ProjectConfigurationPlatforms) = postSolution
		{F809FAE9-C488-4005-B74B-84E1BB2ED098}.Debug|Any CPU.ActiveCfg = Debug|Any CPU
		{F809FAE9-C488-4005-B74B-84E1BB2ED098}.Release|Any CPU.ActiveCfg = Release|Any CPU
	EndGlobalSection
	GlobalSection(SolutionProperties) = preSolution
		HideSolutionNode = FALSE
	EndGlobalSection
	GlobalSection(ExtensibilityGlobals) = postSolution
		SolutionGuid = {BACB90B7-0574-486A-93AE-66578E27736D}
	EndGlobalSection
EndGlobal
